
Microsoft Visual Studio Solution File, Format Version 12.00
# Visual Studio Version 17
VisualStudioVersion = 17.6.33829.357
MinimumVisualStudioVersion = 10.0.40219.1
Project("{2150E333-8FDC-42A3-9474-1A3956D46DE8}") = "Src", "Src", "{804F4B06-AF8A-4136-B66F-C59939098A81}"
	ProjectSection(SolutionItems) = preProject
		src\Directory.Build.props = src\Directory.Build.props
	EndProjectSection
EndProject
Project("{2150E333-8FDC-42A3-9474-1A3956D46DE8}") = "Solution Items", "Solution Items", "{57A26346-E1F1-4CA5-AE54-04C3A98EDF49}"
	ProjectSection(SolutionItems) = preProject
		.editorconfig = .editorconfig
		.gitattributes = .gitattributes
		.gitignore = .gitignore
		Build.cmd = Build.cmd
		global.json = global.json
		LICENSE = LICENSE
		NuGet.Config = NuGet.Config
		README.md = README.md
	EndProjectSection
EndProject
Project("{2150E333-8FDC-42A3-9474-1A3956D46DE8}") = "Tests", "Tests", "{D020E797-377B-43A9-8744-3EE701469574}"
	ProjectSection(SolutionItems) = preProject
		tests\.runsettings = tests\.runsettings
		tests\Directory.Build.props = tests\Directory.Build.props
	EndProjectSection
EndProject
Project("{9A19103F-16F7-4668-BE54-9A1E7A4F7556}") = "Menees.Chords", "src\Menees.Chords\Menees.Chords.csproj", "{CD68F697-FA6B-4762-8720-2B1514A94F8E}"
EndProject
Project("{9A19103F-16F7-4668-BE54-9A1E7A4F7556}") = "Menees.Chords.Tests", "tests\Menees.Chords.Tests\Menees.Chords.Tests.csproj", "{4315E768-47A9-4B49-939F-9455A01E686C}"
EndProject
Project("{9A19103F-16F7-4668-BE54-9A1E7A4F7556}") = "Menees.Chords.Cli", "src\Menees.Chords.Cli\Menees.Chords.Cli.csproj", "{69EA2AF8-8516-43DF-81A9-4F0BC100DC6B}"
EndProject
Project("{FAE04EC0-301F-11D3-BF4B-00C04F79EFBC}") = "Menees.Chords.Web", "src\Menees.Chords.Web\Menees.Chords.Web.csproj", "{863ADC55-1CD0-40DA-ADB1-280732EDDA45}"
EndProject
Global
	GlobalSection(SolutionConfigurationPlatforms) = preSolution
		Debug|Any CPU = Debug|Any CPU
		Release|Any CPU = Release|Any CPU
	EndGlobalSection
	GlobalSection(ProjectConfigurationPlatforms) = postSolution
		{CD68F697-FA6B-4762-8720-2B1514A94F8E}.Debug|Any CPU.ActiveCfg = Debug|Any CPU
		{CD68F697-FA6B-4762-8720-2B1514A94F8E}.Debug|Any CPU.Build.0 = Debug|Any CPU
		{CD68F697-FA6B-4762-8720-2B1514A94F8E}.Release|Any CPU.ActiveCfg = Release|Any CPU
		{CD68F697-FA6B-4762-8720-2B1514A94F8E}.Release|Any CPU.Build.0 = Release|Any CPU
		{4315E768-47A9-4B49-939F-9455A01E686C}.Debug|Any CPU.ActiveCfg = Debug|Any CPU
		{4315E768-47A9-4B49-939F-9455A01E686C}.Debug|Any CPU.Build.0 = Debug|Any CPU
		{4315E768-47A9-4B49-939F-9455A01E686C}.Release|Any CPU.ActiveCfg = Release|Any CPU
		{4315E768-47A9-4B49-939F-9455A01E686C}.Release|Any CPU.Build.0 = Release|Any CPU
		{69EA2AF8-8516-43DF-81A9-4F0BC100DC6B}.Debug|Any CPU.ActiveCfg = Debug|Any CPU
		{69EA2AF8-8516-43DF-81A9-4F0BC100DC6B}.Debug|Any CPU.Build.0 = Debug|Any CPU
		{69EA2AF8-8516-43DF-81A9-4F0BC100DC6B}.Release|Any CPU.ActiveCfg = Release|Any CPU
		{69EA2AF8-8516-43DF-81A9-4F0BC100DC6B}.Release|Any CPU.Build.0 = Release|Any CPU
		{863ADC55-1CD0-40DA-ADB1-280732EDDA45}.Debug|Any CPU.ActiveCfg = Debug|Any CPU
		{863ADC55-1CD0-40DA-ADB1-280732EDDA45}.Debug|Any CPU.Build.0 = Debug|Any CPU
		{863ADC55-1CD0-40DA-ADB1-280732EDDA45}.Release|Any CPU.ActiveCfg = Release|Any CPU
		{863ADC55-1CD0-40DA-ADB1-280732EDDA45}.Release|Any CPU.Build.0 = Release|Any CPU
	EndGlobalSection
	GlobalSection(SolutionProperties) = preSolution
		HideSolutionNode = FALSE
	EndGlobalSection
	GlobalSection(NestedProjects) = preSolution
		{CD68F697-FA6B-4762-8720-2B1514A94F8E} = {804F4B06-AF8A-4136-B66F-C59939098A81}
		{4315E768-47A9-4B49-939F-9455A01E686C} = {D020E797-377B-43A9-8744-3EE701469574}
		{69EA2AF8-8516-43DF-81A9-4F0BC100DC6B} = {804F4B06-AF8A-4136-B66F-C59939098A81}
		{863ADC55-1CD0-40DA-ADB1-280732EDDA45} = {804F4B06-AF8A-4136-B66F-C59939098A81}
	EndGlobalSection
	GlobalSection(ExtensibilityGlobals) = postSolution
		SolutionGuid = {075C4E5D-96BC-4445-A4E1-B4A979A43002}
	EndGlobalSection
EndGlobal
